
Microsoft Visual Studio Solution File, Format Version 12.00
# Visual Studio 15
VisualStudioVersion = 15.0.26228.4
MinimumVisualStudioVersion = 10.0.40219.1
Project("{9A19103F-16F7-4668-BE54-9A1E7A4F7556}") = "EmployeePayrollDeductions.Web", "EmployeePayrollDeductions.Web.csproj", "{F55B94A5-AEE1-422D-A756-99E999B66189}"
EndProject
Global
	GlobalSection(SolutionConfigurationPlatforms) = preSolution
		Debug|Any CPU = Debug|Any CPU
		Release|Any CPU = Release|Any CPU
	EndGlobalSection
	GlobalSection(ProjectConfigurationPlatforms) = postSolution
		{F55B94A5-AEE1-422D-A756-99E999B66189}.Debug|Any CPU.ActiveCfg = Debug|Any CPU
		{F55B94A5-AEE1-422D-A756-99E999B66189}.Debug|Any CPU.Build.0 = Debug|Any CPU
		{F55B94A5-AEE1-422D-A756-99E999B66189}.Release|Any CPU.ActiveCfg = Release|Any CPU
		{F55B94A5-AEE1-422D-A756-99E999B66189}.Release|Any CPU.Build.0 = Release|Any CPU
	EndGlobalSection
	GlobalSection(SolutionProperties) = preSolution
		HideSolutionNode = FALSE
	EndGlobalSection
EndGlobal
